
Microsoft Visual Studio Solution File, Format Version 12.00
# Visual Studio 15
VisualStudioVersion = 15.0.28307.168
MinimumVisualStudioVersion = 10.0.40219.1
Project("{FAE04EC0-301F-11D3-BF4B-00C04F79EFBC}") = "Lab3-systemIO", "Lab3-systemIO\Lab3-systemIO.csproj", "{A84C0C76-BF03-4F7E-BA96-9AFB3B669251}"
EndProject
Global
	GlobalSection(SolutionConfigurationPlatforms) = preSolution
		Debug|Any CPU = Debug|Any CPU
		Release|Any CPU = Release|Any CPU
	EndGlobalSection
	GlobalSection(ProjectConfigurationPlatforms) = postSolution
		{A84C0C76-BF03-4F7E-BA96-9AFB3B669251}.Debug|Any CPU.ActiveCfg = Debug|Any CPU
		{A84C0C76-BF03-4F7E-BA96-9AFB3B669251}.Debug|Any CPU.Build.0 = Debug|Any CPU
		{A84C0C76-BF03-4F7E-BA96-9AFB3B669251}.Release|Any CPU.ActiveCfg = Release|Any CPU
		{A84C0C76-BF03-4F7E-BA96-9AFB3B669251}.Release|Any CPU.Build.0 = Release|Any CPU
	EndGlobalSection
	GlobalSection(SolutionProperties) = preSolution
		HideSolutionNode = FALSE
	EndGlobalSection
	GlobalSection(ExtensibilityGlobals) = postSolution
		SolutionGuid = {EA16E5C7-1A36-499E-9BB6-7B47BAF98E45}
	EndGlobalSection
EndGlobal
